
Microsoft Visual Studio Solution File, Format Version 12.00
# Visual Studio 2015
Project("{FAE04EC0-301F-11D3-BF4B-00C04F79EFBC}") = "CPr.Plugins", "CPr.Plugins.csproj", "{198C26F5-601D-F60F-DA9E-FEF02715EA20}"
EndProject
Project("{FAE04EC0-301F-11D3-BF4B-00C04F79EFBC}") = "CPr", "CPr.csproj", "{34CE9CAB-E334-B1DC-C787-9F0D102475B5}"
EndProject
Project("{FAE04EC0-301F-11D3-BF4B-00C04F79EFBC}") = "CPr.Editor.Plugins", "CPr.Editor.Plugins.csproj", "{73719698-DCAE-DC38-DA14-CDDF8A8D0C6A}"
EndProject
Project("{FAE04EC0-301F-11D3-BF4B-00C04F79EFBC}") = "CPr.Editor", "CPr.Editor.csproj", "{67BCCCEC-AB75-04FC-E81D-3A0FFFC6B699}"
EndProject
Global
	GlobalSection(SolutionConfigurationPlatforms) = preSolution
		Debug|Any CPU = Debug|Any CPU
		Release|Any CPU = Release|Any CPU
	EndGlobalSection
	GlobalSection(ProjectConfigurationPlatforms) = postSolution
		{198C26F5-601D-F60F-DA9E-FEF02715EA20}.Debug|Any CPU.ActiveCfg = Debug|Any CPU
		{198C26F5-601D-F60F-DA9E-FEF02715EA20}.Debug|Any CPU.Build.0 = Debug|Any CPU
		{198C26F5-601D-F60F-DA9E-FEF02715EA20}.Release|Any CPU.ActiveCfg = Release|Any CPU
		{198C26F5-601D-F60F-DA9E-FEF02715EA20}.Release|Any CPU.Build.0 = Release|Any CPU
		{34CE9CAB-E334-B1DC-C787-9F0D102475B5}.Debug|Any CPU.ActiveCfg = Debug|Any CPU
		{34CE9CAB-E334-B1DC-C787-9F0D102475B5}.Debug|Any CPU.Build.0 = Debug|Any CPU
		{34CE9CAB-E334-B1DC-C787-9F0D102475B5}.Release|Any CPU.ActiveCfg = Release|Any CPU
		{34CE9CAB-E334-B1DC-C787-9F0D102475B5}.Release|Any CPU.Build.0 = Release|Any CPU
		{73719698-DCAE-DC38-DA14-CDDF8A8D0C6A}.Debug|Any CPU.ActiveCfg = Debug|Any CPU
		{73719698-DCAE-DC38-DA14-CDDF8A8D0C6A}.Debug|Any CPU.Build.0 = Debug|Any CPU
		{73719698-DCAE-DC38-DA14-CDDF8A8D0C6A}.Release|Any CPU.ActiveCfg = Release|Any CPU
		{73719698-DCAE-DC38-DA14-CDDF8A8D0C6A}.Release|Any CPU.Build.0 = Release|Any CPU
		{67BCCCEC-AB75-04FC-E81D-3A0FFFC6B699}.Debug|Any CPU.ActiveCfg = Debug|Any CPU
		{67BCCCEC-AB75-04FC-E81D-3A0FFFC6B699}.Debug|Any CPU.Build.0 = Debug|Any CPU
		{67BCCCEC-AB75-04FC-E81D-3A0FFFC6B699}.Release|Any CPU.ActiveCfg = Release|Any CPU
		{67BCCCEC-AB75-04FC-E81D-3A0FFFC6B699}.Release|Any CPU.Build.0 = Release|Any CPU
	EndGlobalSection
	GlobalSection(SolutionProperties) = preSolution
		HideSolutionNode = FALSE
	EndGlobalSection
EndGlobal
